
Microsoft Visual Studio Solution File, Format Version 12.00
# Visual Studio Version 16
VisualStudioVersion = 16.0.29123.88
MinimumVisualStudioVersion = 10.0.40219.1
Project("{FAE04EC0-301F-11D3-BF4B-00C04F79EFBC}") = "InStoreApp.Android", "InStoreApp\InStoreApp.Android\InStoreApp.Android.csproj", "{9F360469-36F7-43F7-B3FF-517E0B8B03DE}"
EndProject
Project("{FAE04EC0-301F-11D3-BF4B-00C04F79EFBC}") = "InStoreApp.iOS", "InStoreApp\InStoreApp.iOS\InStoreApp.iOS.csproj", "{0CE61F74-0786-4B8B-93F2-BE4548F57966}"
EndProject
Project("{9A19103F-16F7-4668-BE54-9A1E7A4F7556}") = "InStoreApp", "InStoreApp\InStoreApp\InStoreApp.csproj", "{2FFA7085-91FB-4CC0-B490-B6F2629F5A8C}"
EndProject
Global
	GlobalSection(SolutionConfigurationPlatforms) = preSolution
		Debug|Any CPU = Debug|Any CPU
		Debug|iPhone = Debug|iPhone
		Debug|iPhoneSimulator = Debug|iPhoneSimulator
		Release|Any CPU = Release|Any CPU
		Release|iPhone = Release|iPhone
		Release|iPhoneSimulator = Release|iPhoneSimulator
	EndGlobalSection
	GlobalSection(ProjectConfigurationPlatforms) = postSolution
		{9F360469-36F7-43F7-B3FF-517E0B8B03DE}.Debug|Any CPU.ActiveCfg = Debug|Any CPU
		{9F360469-36F7-43F7-B3FF-517E0B8B03DE}.Debug|Any CPU.Build.0 = Debug|Any CPU
		{9F360469-36F7-43F7-B3FF-517E0B8B03DE}.Debug|Any CPU.Deploy.0 = Debug|Any CPU
		{9F360469-36F7-43F7-B3FF-517E0B8B03DE}.Debug|iPhone.ActiveCfg = Debug|Any CPU
		{9F360469-36F7-43F7-B3FF-517E0B8B03DE}.Debug|iPhone.Build.0 = Debug|Any CPU
		{9F360469-36F7-43F7-B3FF-517E0B8B03DE}.Debug|iPhone.Deploy.0 = Debug|Any CPU
		{9F360469-36F7-43F7-B3FF-517E0B8B03DE}.Debug|iPhoneSimulator.ActiveCfg = Debug|Any CPU
		{9F360469-36F7-43F7-B3FF-517E0B8B03DE}.Debug|iPhoneSimulator.Build.0 = Debug|Any CPU
		{9F360469-36F7-43F7-B3FF-517E0B8B03DE}.Debug|iPhoneSimulator.Deploy.0 = Debug|Any CPU
		{9F360469-36F7-43F7-B3FF-517E0B8B03DE}.Release|Any CPU.ActiveCfg = Release|Any CPU
		{9F360469-36F7-43F7-B3FF-517E0B8B03DE}.Release|Any CPU.Build.0 = Release|Any CPU
		{9F360469-36F7-43F7-B3FF-517E0B8B03DE}.Release|Any CPU.Deploy.0 = Release|Any CPU
		{9F360469-36F7-43F7-B3FF-517E0B8B03DE}.Release|iPhone.ActiveCfg = Release|Any CPU
		{9F360469-36F7-43F7-B3FF-517E0B8B03DE}.Release|iPhone.Build.0 = Release|Any CPU
		{9F360469-36F7-43F7-B3FF-517E0B8B03DE}.Release|iPhone.Deploy.0 = Release|Any CPU
		{9F360469-36F7-43F7-B3FF-517E0B8B03DE}.Release|iPhoneSimulator.ActiveCfg = Release|Any CPU
		{9F360469-36F7-43F7-B3FF-517E0B8B03DE}.Release|iPhoneSimulator.Build.0 = Release|Any CPU
		{9F360469-36F7-43F7-B3FF-517E0B8B03DE}.Release|iPhoneSimulator.Deploy.0 = Release|Any CPU
		{0CE61F74-0786-4B8B-93F2-BE4548F57966}.Debug|Any CPU.ActiveCfg = Debug|iPhoneSimulator
		{0CE61F74-0786-4B8B-93F2-BE4548F57966}.Debug|Any CPU.Build.0 = Debug|iPhoneSimulator
		{0CE61F74-0786-4B8B-93F2-BE4548F57966}.Debug|Any CPU.Deploy.0 = Debug|iPhoneSimulator
		{0CE61F74-0786-4B8B-93F2-BE4548F57966}.Debug|iPhone.ActiveCfg = Debug|iPhone
		{0CE61F74-0786-4B8B-93F2-BE4548F57966}.Debug|iPhone.Build.0 = Debug|iPhone
		{0CE61F74-0786-4B8B-93F2-BE4548F57966}.Debug|iPhone.Deploy.0 = Debug|iPhone
		{0CE61F74-0786-4B8B-93F2-BE4548F57966}.Debug|iPhoneSimulator.ActiveCfg = Debug|iPhoneSimulator
		{0CE61F74-0786-4B8B-93F2-BE4548F57966}.Debug|iPhoneSimulator.Build.0 = Debug|iPhoneSimulator
		{0CE61F74-0786-4B8B-93F2-BE4548F57966}.Debug|iPhoneSimulator.Deploy.0 = Debug|iPhoneSimulator
		{0CE61F74-0786-4B8B-93F2-BE4548F57966}.Release|Any CPU.ActiveCfg = Release|iPhone
		{0CE61F74-0786-4B8B-93F2-BE4548F57966}.Release|Any CPU.Build.0 = Release|iPhone
		{0CE61F74-0786-4B8B-93F2-BE4548F57966}.Release|Any CPU.Deploy.0 = Release|iPhone
		{0CE61F74-0786-4B8B-93F2-BE4548F57966}.Release|iPhone.ActiveCfg = Release|iPhone
		{0CE61F74-0786-4B8B-93F2-BE4548F57966}.Release|iPhone.Build.0 = Release|iPhone
		{0CE61F74-0786-4B8B-93F2-BE4548F57966}.Release|iPhone.Deploy.0 = Release|iPhone
		{0CE61F74-0786-4B8B-93F2-BE4548F57966}.Release|iPhoneSimulator.ActiveCfg = Release|iPhoneSimulator
		{0CE61F74-0786-4B8B-93F2-BE4548F57966}.Release|iPhoneSimulator.Build.0 = Release|iPhoneSimulator
		{0CE61F74-0786-4B8B-93F2-BE4548F57966}.Release|iPhoneSimulator.Deploy.0 = Release|iPhoneSimulator
		{2FFA7085-91FB-4CC0-B490-B6F2629F5A8C}.Debug|Any CPU.ActiveCfg = Debug|Any CPU
		{2FFA7085-91FB-4CC0-B490-B6F2629F5A8C}.Debug|Any CPU.Build.0 = Debug|Any CPU
		{2FFA7085-91FB-4CC0-B490-B6F2629F5A8C}.Debug|Any CPU.Deploy.0 = Debug|Any CPU
		{2FFA7085-91FB-4CC0-B490-B6F2629F5A8C}.Debug|iPhone.ActiveCfg = Debug|Any CPU
		{2FFA7085-91FB-4CC0-B490-B6F2629F5A8C}.Debug|iPhone.Build.0 = Debug|Any CPU
		{2FFA7085-91FB-4CC0-B490-B6F2629F5A8C}.Debug|iPhone.Deploy.0 = Debug|Any CPU
		{2FFA7085-91FB-4CC0-B490-B6F2629F5A8C}.Debug|iPhoneSimulator.ActiveCfg = Debug|Any CPU
		{2FFA7085-91FB-4CC0-B490-B6F2629F5A8C}.Debug|iPhoneSimulator.Build.0 = Debug|Any CPU
		{2FFA7085-91FB-4CC0-B490-B6F2629F5A8C}.Debug|iPhoneSimulator.Deploy.0 = Debug|Any CPU
		{2FFA7085-91FB-4CC0-B490-B6F2629F5A8C}.Release|Any CPU.ActiveCfg = Release|Any CPU
		{2FFA7085-91FB-4CC0-B490-B6F2629F5A8C}.Release|Any CPU.Build.0 = Release|Any CPU
		{2FFA7085-91FB-4CC0-B490-B6F2629F5A8C}.Release|Any CPU.Deploy.0 = Release|Any CPU
		{2FFA7085-91FB-4CC0-B490-B6F2629F5A8C}.Release|iPhone.ActiveCfg = Release|Any CPU
		{2FFA7085-91FB-4CC0-B490-B6F2629F5A8C}.Release|iPhone.Build.0 = Release|Any CPU
		{2FFA7085-91FB-4CC0-B490-B6F2629F5A8C}.Release|iPhone.Deploy.0 = Release|Any CPU
		{2FFA7085-91FB-4CC0-B490-B6F2629F5A8C}.Release|iPhoneSimulator.ActiveCfg = Release|Any CPU
		{2FFA7085-91FB-4CC0-B490-B6F2629F5A8C}.Release|iPhoneSimulator.Build.0 = Release|Any CPU
		{2FFA7085-91FB-4CC0-B490-B6F2629F5A8C}.Release|iPhoneSimulator.Deploy.0 = Release|Any CPU
	EndGlobalSection
	GlobalSection(SolutionProperties) = preSolution
		HideSolutionNode = FALSE
	EndGlobalSection
	GlobalSection(ExtensibilityGlobals) = postSolution
		SolutionGuid = {A4E06F67-35F8-4CA9-ADDB-E9B71D0E9CC8}
	EndGlobalSection
EndGlobal
